
Microsoft Visual Studio Solution File, Format Version 12.00
# Visual Studio 15
VisualStudioVersion = 15.0.28010.2003
MinimumVisualStudioVersion = 10.0.40219.1
Project("{FAE04EC0-301F-11D3-BF4B-00C04F79EFBC}") = "ExemploServicoRest", "ExemploServicoRest\ExemploServicoRest.csproj", "{C79DDBE1-DE3F-4325-931A-A4EF030B3CF5}"
EndProject
Project("{FAE04EC0-301F-11D3-BF4B-00C04F79EFBC}") = "ClienteRestWindows", "ClienteRestWindows\ClienteRestWindows.csproj", "{A23139CD-2377-4A43-965B-334F99DE842B}"
EndProject
Global
	GlobalSection(SolutionConfigurationPlatforms) = preSolution
		Debug|Any CPU = Debug|Any CPU
		Release|Any CPU = Release|Any CPU
	EndGlobalSection
	GlobalSection(ProjectConfigurationPlatforms) = postSolution
		{C79DDBE1-DE3F-4325-931A-A4EF030B3CF5}.Debug|Any CPU.ActiveCfg = Debug|Any CPU
		{C79DDBE1-DE3F-4325-931A-A4EF030B3CF5}.Debug|Any CPU.Build.0 = Debug|Any CPU
		{C79DDBE1-DE3F-4325-931A-A4EF030B3CF5}.Release|Any CPU.ActiveCfg = Release|Any CPU
		{C79DDBE1-DE3F-4325-931A-A4EF030B3CF5}.Release|Any CPU.Build.0 = Release|Any CPU
		{A23139CD-2377-4A43-965B-334F99DE842B}.Debug|Any CPU.ActiveCfg = Debug|Any CPU
		{A23139CD-2377-4A43-965B-334F99DE842B}.Debug|Any CPU.Build.0 = Debug|Any CPU
		{A23139CD-2377-4A43-965B-334F99DE842B}.Release|Any CPU.ActiveCfg = Release|Any CPU
		{A23139CD-2377-4A43-965B-334F99DE842B}.Release|Any CPU.Build.0 = Release|Any CPU
	EndGlobalSection
	GlobalSection(SolutionProperties) = preSolution
		HideSolutionNode = FALSE
	EndGlobalSection
	GlobalSection(ExtensibilityGlobals) = postSolution
		SolutionGuid = {FC0238A3-DFA9-48E4-9570-77A0BD0C8A38}
	EndGlobalSection
EndGlobal
